{
  "version": 1,
  "dependencies": {
    "net8.0-windows10.0.19041": {
      "Interop.UIAutomationClient": {
        "type": "Direct",
        "requested": "[10.19041.0, )",
        "resolved": "10.19041.0",
        "contentHash": "Me5vKNZ1JSg6txTsPQXaWx7fVNh+fmcUPPwtDKJtqvbMM0N8aoa/l/QPolkJIRnasCabCNt4v2zG4p1Q9HU98A=="
      },
      "Microsoft.NET.ILLink.Tasks": {
        "type": "Direct",
        "requested": "[8.0.22, )",
        "resolved": "8.0.22",
        "contentHash": "MhcMithKEiyyNkD2ZfbDZPmcOdi0GheGfg8saEIIEfD/fol3iHmcV8TsZkD4ZYz5gdUuoX4YtlVySUU7Sxl9SQ=="
      },
      "NAudio.Wasapi": {
        "type": "Direct",
        "requested": "[2.2.1, )",
        "resolved": "2.2.1",
        "contentHash": "lFfXoqacZZe0WqNChJgGYI+XV/n/61LzPHT3C1CJp4khoxeo2sziyX5wzNYWeCMNbsWxFvT3b3iXeY1UYjBhZw==",
        "dependencies": {
          "NAudio.Core": "2.2.1"
        }
      },
      "System.Drawing.Common": {
        "type": "Direct",
        "requested": "[8.0.31, )",
        "resolved": "8.0.31",
        "contentHash": "xCTGg7fw7JE8j3feXaedW8/n7FGfPV5OyAllr+6Hed1w5Q40EFDrT1fL9Xyuj/eQcikYpvVU7Z8RJO0HVjQfzQ==",
        "dependencies": {
          "Microsoft.Win32.SystemEvents": "8.0.0"
        }
      },
      "Microsoft.Win32.SystemEvents": {
        "type": "Transitive",
        "resolved": "8.0.0",
        "contentHash": "9opKRyOKMCi2xJ7Bj7kxtZ1r9vbzosMvRrdEhVhDz8j8MoBGgB+WmC94yH839NPH+BclAjtQ/pyagvi/8gDLkw=="
      },
      "NAudio.Core": {
        "type": "Transitive",
        "resolved": "2.2.1",
        "contentHash": "GgkdP6K/7FqXFo7uHvoqGZTJvW4z8g2IffhOO4JHaLzKCdDOUEzVKtveoZkCuUX8eV2HAINqi7VFqlFndrnz/g=="
      }
    },
    "net8.0-windows10.0.19041/win-x64": {
      "Microsoft.Win32.SystemEvents": {
        "type": "Transitive",
        "resolved": "8.0.0",
        "contentHash": "9opKRyOKMCi2xJ7Bj7kxtZ1r9vbzosMvRrdEhVhDz8j8MoBGgB+WmC94yH839NPH+BclAjtQ/pyagvi/8gDLkw=="
      }
    }
  }
}